
Microsoft Visual Studio Solution File, Format Version 11.00
# Visual Studio 2010
Project("{8BC9CEB8-8B4A-11D0-8D11-00A0C91BC942}") = "REXDRServer", "REXDRServer\REXDRServer.vcxproj", "{7E5B282B-3344-4865-AF07-FA44A8634E1E}"
EndProject
Project("{8BC9CEB8-8B4A-11D0-8D11-00A0C91BC942}") = "REXDRClient", "REXDRClient\REXDRClient.vcxproj", "{4D0311F0-3266-48AB-B974-D3DF77FDC9C4}"
EndProject
Global
	GlobalSection(SolutionConfigurationPlatforms) = preSolution
		Debug|Win32 = Debug|Win32
		Debug|x64 = Debug|x64
		Release|Win32 = Release|Win32
		Release|x64 = Release|x64
	EndGlobalSection
	GlobalSection(ProjectConfigurationPlatforms) = postSolution
		{7E5B282B-3344-4865-AF07-FA44A8634E1E}.Debug|Win32.ActiveCfg = Debug|Win32
		{7E5B282B-3344-4865-AF07-FA44A8634E1E}.Debug|Win32.Build.0 = Debug|Win32
		{7E5B282B-3344-4865-AF07-FA44A8634E1E}.Debug|x64.ActiveCfg = Debug|Win32
		{7E5B282B-3344-4865-AF07-FA44A8634E1E}.Debug|x64.Build.0 = Debug|Win32
		{7E5B282B-3344-4865-AF07-FA44A8634E1E}.Release|Win32.ActiveCfg = Release|Win32
		{7E5B282B-3344-4865-AF07-FA44A8634E1E}.Release|Win32.Build.0 = Release|Win32
		{7E5B282B-3344-4865-AF07-FA44A8634E1E}.Release|x64.ActiveCfg = Release|x64
		{7E5B282B-3344-4865-AF07-FA44A8634E1E}.Release|x64.Build.0 = Release|x64
		{4D0311F0-3266-48AB-B974-D3DF77FDC9C4}.Debug|Win32.ActiveCfg = Debug|Win32
		{4D0311F0-3266-48AB-B974-D3DF77FDC9C4}.Debug|Win32.Build.0 = Debug|Win32
		{4D0311F0-3266-48AB-B974-D3DF77FDC9C4}.Debug|x64.ActiveCfg = Debug|Win32
		{4D0311F0-3266-48AB-B974-D3DF77FDC9C4}.Release|Win32.ActiveCfg = Release|Win32
		{4D0311F0-3266-48AB-B974-D3DF77FDC9C4}.Release|Win32.Build.0 = Release|Win32
		{4D0311F0-3266-48AB-B974-D3DF77FDC9C4}.Release|x64.ActiveCfg = Release|Win32
	EndGlobalSection
	GlobalSection(SolutionProperties) = preSolution
		HideSolutionNode = FALSE
	EndGlobalSection
EndGlobal
