<?xml version="1.0" encoding="utf-8"?>
<Project ToolsVersion="4.0" xmlns="http://schemas.microsoft.com/developer/msbuild/2003">
  <ItemGroup>
    <Filter Include="소스 파일">
      <UniqueIdentifier>{4FC737F1-C7A5-4376-A066-2A32D752A2FF}</UniqueIdentifier>
      <Extensions>cpp;c;cc;cxx;def;odl;idl;hpj;bat;asm;asmx</Extensions>
    </Filter>
    <Filter Include="헤더 파일">
      <UniqueIdentifier>{93995380-89BD-4b04-88EB-625FBE52EBFB}</UniqueIdentifier>
      <Extensions>h;hpp;hxx;hm;inl;inc;xsd</Extensions>
    </Filter>
    <Filter Include="리소스 파일">
      <UniqueIdentifier>{67DA6AB6-F800-4c08-8B7A-83BB121AAD01}</UniqueIdentifier>
      <Extensions>rc;ico;cur;bmp;dlg;rc2;rct;bin;rgs;gif;jpg;jpeg;jpe;resx;tiff;tif;png;wav;mfcribbon-ms</Extensions>
    </Filter>
    <Filter Include="meta">
      <UniqueIdentifier>{32731853-607e-4ef8-954f-a9e48b5c3376}</UniqueIdentifier>
    </Filter>
    <Filter Include="message">
      <UniqueIdentifier>{e4bc3877-a135-44e6-9deb-7e1e59d9c1cb}</UniqueIdentifier>
    </Filter>
    <Filter Include="Logger">
      <UniqueIdentifier>{ae31e90e-9c49-48fc-9cdf-6a2e0ec7b68a}</UniqueIdentifier>
    </Filter>
  </ItemGroup>
  <ItemGroup>
    <None Include="..\Common\REXDR_CS_Messages.b">
      <Filter>message</Filter>
    </None>
    <None Include="..\Common\REXDRClientServerLog4X.xml">
      <Filter>Logger</Filter>
    </None>
  </ItemGroup>
  <ItemGroup>
    <ClInclude Include="stdafx.h">
      <Filter>meta</Filter>
    </ClInclude>
    <ClInclude Include="targetver.h">
      <Filter>meta</Filter>
    </ClInclude>
    <ClInclude Include="..\Common\Log4XWrapper.h">
      <Filter>Logger</Filter>
    </ClInclude>
    <ClInclude Include="..\Common\Helper.h">
      <Filter>소스 파일</Filter>
    </ClInclude>
    <ClInclude Include="..\Common\REXDR_CS_Messages.h">
      <Filter>message</Filter>
    </ClInclude>
    <ClInclude Include="ServiceHandler.h">
      <Filter>소스 파일</Filter>
    </ClInclude>
  </ItemGroup>
  <ItemGroup>
    <ClCompile Include="ClientMain.cpp">
      <Filter>소스 파일</Filter>
    </ClCompile>
    <ClCompile Include="stdafx.cpp">
      <Filter>meta</Filter>
    </ClCompile>
    <ClCompile Include="..\Common\Log4XWrapper.cpp">
      <Filter>Logger</Filter>
    </ClCompile>
    <ClCompile Include="..\Common\Helper.cpp">
      <Filter>소스 파일</Filter>
    </ClCompile>
    <ClCompile Include="ServiceHandler.cpp">
      <Filter>소스 파일</Filter>
    </ClCompile>
  </ItemGroup>
</Project>